
Microsoft Visual Studio Solution File, Format Version 12.00
# Visual Studio Version 16
VisualStudioVersion = 16.0.30330.147
MinimumVisualStudioVersion = 10.0.40219.1
Project("{FAE04EC0-301F-11D3-BF4B-00C04F79EFBC}") = "EXPAppManagement", "EXPAppManagement\EXPAppManagement.csproj", "{DBD1A397-54C1-41D9-88C1-EAC541D45096}"
EndProject
Global
	GlobalSection(SolutionConfigurationPlatforms) = preSolution
		Debug|Any CPU = Debug|Any CPU
		Release|Any CPU = Release|Any CPU
	EndGlobalSection
	GlobalSection(ProjectConfigurationPlatforms) = postSolution
		{DBD1A397-54C1-41D9-88C1-EAC541D45096}.Debug|Any CPU.ActiveCfg = Debug|Any CPU
		{DBD1A397-54C1-41D9-88C1-EAC541D45096}.Debug|Any CPU.Build.0 = Debug|Any CPU
		{DBD1A397-54C1-41D9-88C1-EAC541D45096}.Release|Any CPU.ActiveCfg = Release|Any CPU
		{DBD1A397-54C1-41D9-88C1-EAC541D45096}.Release|Any CPU.Build.0 = Release|Any CPU
	EndGlobalSection
	GlobalSection(SolutionProperties) = preSolution
		HideSolutionNode = FALSE
	EndGlobalSection
	GlobalSection(ExtensibilityGlobals) = postSolution
		SolutionGuid = {96794F12-A248-4EC6-AD04-D333C10B777D}
	EndGlobalSection
EndGlobal
